# THIS IS AN AUTOGENERATED FILE. DO NOT EDIT THIS FILE DIRECTLY.
# yarn lockfile v1


"@floating-ui/core@^1.7.3":
  version "1.7.3"
  resolved "https://registry.yarnpkg.com/@floating-ui/core/-/core-1.7.3.tgz#462d722f001e23e46d86fd2bd0d21b7693ccb8b7"
  integrity sha512-sGnvb5dmrJaKEZ+LDIpguvdX3bDlEllmv4/ClQ9awcmCZrlx5jQyyMWFM5kBI+EyNOCDDiKk8il0zeuX3Zlg/w==
  dependencies:
    "@floating-ui/utils" "^0.2.10"

"@floating-ui/dom@^1.7.4":
  version "1.7.4"
  resolved "https://registry.yarnpkg.com/@floating-ui/dom/-/dom-1.7.4.tgz#ee667549998745c9c3e3e84683b909c31d6c9a77"
  integrity sha512-OOchDgh4F2CchOX94cRVqhvy7b3AFb+/rQXyswmzmGakRfkMgoWVjfnLWkRirfLEfuD4ysVW16eXzwt3jHIzKA==
  dependencies:
    "@floating-ui/core" "^1.7.3"
    "@floating-ui/utils" "^0.2.10"

"@floating-ui/utils@^0.2.10":
  version "0.2.10"
  resolved "https://registry.yarnpkg.com/@floating-ui/utils/-/utils-0.2.10.tgz#a2a1e3812d14525f725d011a73eceb41fef5bc1c"
  integrity sha512-aGTxbpbg8/b5JfU1HXSrbH3wXZuLPJcNEcZQFMxLs3oSzgtVu6nFPkbbGGUvBcUjKV2YyB9Wxxabo+HEH9tcRQ==

"@orchidjs/sifter@^1.1.0":
  version "1.1.0"
  resolved "https://registry.yarnpkg.com/@orchidjs/sifter/-/sifter-1.1.0.tgz#b36154ad0cda4898305d1ac44f318b41048a0438"
  integrity sha512-mYwHCfr736cIWWdhhSZvDbf90AKt2xyrJspKFC3qyIJG1LtrJeJunYEqCGG4Aq2ijENbc4WkOjszcvNaIAS/pQ==
  dependencies:
    "@orchidjs/unicode-variants" "^1.1.2"

"@orchidjs/unicode-variants@^1.1.2":
  version "1.1.2"
  resolved "https://registry.yarnpkg.com/@orchidjs/unicode-variants/-/unicode-variants-1.1.2.tgz#1fd71791a67fdd1591ebe0dcaadd3964537a824e"
  integrity sha512-5DobW1CHgnBROOEpFlEXytED5OosEWESFvg/VYmH0143oXcijYTprRYJTs+55HzGM4IqxiLFSuqEzu9mPNwVsA==

air-datepicker@^3.6.0:
  version "3.6.0"
  resolved "https://registry.yarnpkg.com/air-datepicker/-/air-datepicker-3.6.0.tgz#97dc1c9140985a90acb463822d7c58fe67c3e086"
  integrity sha512-+txUkqa949rXBJDmkQAIb/GehZECJYF4rm9XJxVYtEX22C9WvBpE/XwCUQZBopKIkpg4ycAySJ9lH3JOg9qQTw==

embla-carousel-wheel-gestures@^8.1.0:
  version "8.1.0"
  resolved "https://registry.yarnpkg.com/embla-carousel-wheel-gestures/-/embla-carousel-wheel-gestures-8.1.0.tgz#dfdb865f634058723c46539bdde45248673a43a5"
  integrity sha512-J68jkYrxbWDmXOm2n2YHl+uMEXzkGSKjWmjaEgL9xVvPb3HqVmg6rJSKfI3sqIDVvm7mkeTy87wtG/5263XqHQ==
  dependencies:
    wheel-gestures "^2.2.5"

embla-carousel@^8.6.0:
  version "8.6.0"
  resolved "https://registry.yarnpkg.com/embla-carousel/-/embla-carousel-8.6.0.tgz#abcedff2bff36992ea8ac27cd30080ca5b6a3f58"
  integrity sha512-SjWyZBHJPbqxHOzckOfo8lHisEaJWmwd23XppYFYVh10bU66/Pn5tkVkbkCMZVdbUE5eTCI2nD8OyIP4Z+uwkA==

emoji-mart@^5.6.0:
  version "5.6.0"
  resolved "https://registry.yarnpkg.com/emoji-mart/-/emoji-mart-5.6.0.tgz#71b3ed0091d3e8c68487b240d9d6d9a73c27f023"
  integrity sha512-eJp3QRe79pjwa+duv+n7+5YsNhRcMl812EcFVwrnRvYKoNPoQb5qxU8DG6Bgwji0akHdp6D4Ln6tYLG58MFSow==

esm-env@^1.1.4:
  version "1.2.2"
  resolved "https://registry.yarnpkg.com/esm-env/-/esm-env-1.2.2.tgz#263c9455c55861f41618df31b20cb571fc20b75e"
  integrity sha512-Epxrv+Nr/CaL4ZcFGPJIYLWFom+YeV1DqMLHJoEd9SYRxNbaFruBwfEX/kkHUJf55j2+TUbmDcmuilbP1TmXHA==

framer-motion@^12.23.12:
  version "12.23.12"
  resolved "https://registry.yarnpkg.com/framer-motion/-/framer-motion-12.23.12.tgz#80cf6fd7c111073a0c558e336c85ca36cca80d3d"
  integrity sha512-6e78rdVtnBvlEVgu6eFEAgG9v3wLnYEboM8I5O5EXvfKC8gxGQB8wXJdhkMy10iVcn05jl6CNw7/HTsTCfwcWg==
  dependencies:
    motion-dom "^12.23.12"
    motion-utils "^12.23.6"
    tslib "^2.4.0"

motion-dom@^12.23.12:
  version "12.23.12"
  resolved "https://registry.yarnpkg.com/motion-dom/-/motion-dom-12.23.12.tgz#87974046e7e61bc4932f36d35e8eab6bb6f3e434"
  integrity sha512-RcR4fvMCTESQBD/uKQe49D5RUeDOokkGRmz4ceaJKDBgHYtZtntC/s2vLvY38gqGaytinij/yi3hMcWVcEF5Kw==
  dependencies:
    motion-utils "^12.23.6"

motion-utils@^12.23.6:
  version "12.23.6"
  resolved "https://registry.yarnpkg.com/motion-utils/-/motion-utils-12.23.6.tgz#fafef80b4ea85122dd0d6c599a0c63d72881f312"
  integrity sha512-eAWoPgr4eFEOFfg2WjIsMoqJTW6Z8MTUCgn/GZ3VRpClWBdnbjryiA3ZSNLyxCTmCQx4RmYX6jX1iWHbenUPNQ==

motion@^12.23.12:
  version "12.23.12"
  resolved "https://registry.yarnpkg.com/motion/-/motion-12.23.12.tgz#9f3552636c1e94911eee42e6f85db8f60db83c19"
  integrity sha512-8jCD8uW5GD1csOoqh1WhH1A6j5APHVE15nuBkFeRiMzYBdRwyAHmSP/oXSuW0WJPZRXTFdBoG4hY9TFWNhhwng==
  dependencies:
    framer-motion "^12.23.12"
    tslib "^2.4.0"

number-flow@^0.5.8:
  version "0.5.8"
  resolved "https://registry.yarnpkg.com/number-flow/-/number-flow-0.5.8.tgz#39bbf5fbce414513f1add06d717c27a299f1e433"
  integrity sha512-FPr1DumWyGi5Nucoug14bC6xEz70A1TnhgSHhKyfqjgji2SOTz+iLJxKtv37N5JyJbteGYCm6NQ9p1O4KZ7iiA==
  dependencies:
    esm-env "^1.1.4"

photoswipe@^5.4.4:
  version "5.4.4"
  resolved "https://registry.yarnpkg.com/photoswipe/-/photoswipe-5.4.4.tgz#e045dc036453493188d5c8665b0e8f1000ac4d6e"
  integrity sha512-WNFHoKrkZNnvFFhbHL93WDkW3ifwVOXSW3w1UuZZelSmgXpIGiZSNlZJq37rR8YejqME2rHs9EhH9ZvlvFH2NA==

tom-select@^2.4.3:
  version "2.4.3"
  resolved "https://registry.yarnpkg.com/tom-select/-/tom-select-2.4.3.tgz#1daa4131cd317de691f39eb5bf41148265986c1f"
  integrity sha512-MFFrMxP1bpnAMPbdvPCZk0KwYxLqhYZso39torcdoefeV/NThNyDu8dV96/INJ5XQVTL3O55+GqQ78Pkj5oCfw==
  dependencies:
    "@orchidjs/sifter" "^1.1.0"
    "@orchidjs/unicode-variants" "^1.1.2"

tslib@^2.4.0:
  version "2.8.1"
  resolved "https://registry.yarnpkg.com/tslib/-/tslib-2.8.1.tgz#612efe4ed235d567e8aba5f2a5fab70280ade83f"
  integrity sha512-oJFu94HQb+KVduSUQL7wnpmqnfmLsOA/nAh6b6EH0wCEoK0/mPeXU6c3wKDV83MkOuHPRHtSXKKU99IBazS/2w==

wheel-gestures@^2.2.5:
  version "2.2.48"
  resolved "https://registry.yarnpkg.com/wheel-gestures/-/wheel-gestures-2.2.48.tgz#7b84b2522e66962efb50b5fe7e4a55503061255e"
  integrity sha512-f+Gy33Oa5Z14XY9679Zze+7VFhbsQfBFXodnU2x589l4kxGM9L5Y8zETTmcMR5pWOPQyRv4Z0lNax6xCO0NSlA==
